
Microsoft Visual Studio Solution File, Format Version 12.00
# Visual Studio Version 16
VisualStudioVersion = 16.0.31515.178
MinimumVisualStudioVersion = 10.0.40219.1
Project("{FAE04EC0-301F-11D3-BF4B-00C04F79EFBC}") = "WebApp", "WebApp\WebApp.csproj", "{8D94F8C1-D96F-412F-A0DE-57FF2B2D5BD9}"
EndProject
Global
	GlobalSection(SolutionConfigurationPlatforms) = preSolution
		Debug|Any CPU = Debug|Any CPU
		Release|Any CPU = Release|Any CPU
	EndGlobalSection
	GlobalSection(ProjectConfigurationPlatforms) = postSolution
		{8D94F8C1-D96F-412F-A0DE-57FF2B2D5BD9}.Debug|Any CPU.ActiveCfg = Debug|Any CPU
		{8D94F8C1-D96F-412F-A0DE-57FF2B2D5BD9}.Debug|Any CPU.Build.0 = Debug|Any CPU
		{8D94F8C1-D96F-412F-A0DE-57FF2B2D5BD9}.Release|Any CPU.ActiveCfg = Release|Any CPU
		{8D94F8C1-D96F-412F-A0DE-57FF2B2D5BD9}.Release|Any CPU.Build.0 = Release|Any CPU
	EndGlobalSection
	GlobalSection(SolutionProperties) = preSolution
		HideSolutionNode = FALSE
	EndGlobalSection
	GlobalSection(ExtensibilityGlobals) = postSolution
		SolutionGuid = {75677E4F-CA38-45E9-8C93-D7F9A71A9B9D}
	EndGlobalSection
EndGlobal
